<?xml version="1.0" encoding="utf-8"?>
<Project ToolsVersion="17.0" xmlns="http://schemas.microsoft.com/developer/msbuild/2003">
  <ItemGroup>
    <CustomBuild Include="H:\starspeed23\Builds\CMakeFiles\5571f93ec7f963af077e2c40fa3eb48a\generate.stamp.rule">
      <Filter>CMake Rules</Filter>
    </CustomBuild>
  </ItemGroup>
  <ItemGroup>
    <Filter Include="CMake Rules">
      <UniqueIdentifier>{5F065750-597C-3AE8-8481-FB85782DBDD1}</UniqueIdentifier>
    </Filter>
  </ItemGroup>
</Project>
